Microsoft Visual Studio Solution File, Format Version 12.00
# Visual Studio Version 17
VisualStudioVersion = 17.5.2.0
MinimumVisualStudioVersion = 10.0.40219.1
Project("{FAE04EC0-301F-11D3-BF4B-00C04F79EFBC}") = "BloodDontaionAppV2", "BloodDontaionAppV2.csproj", "{CC31E07F-9458-D900-F219-D922A1864DD0}"
EndProject
Global
	GlobalSection(SolutionConfigurationPlatforms) = preSolution
		Debug|Any CPU = Debug|Any CPU
		Release|Any CPU = Release|Any CPU
	EndGlobalSection
	GlobalSection(ProjectConfigurationPlatforms) = postSolution
		{CC31E07F-9458-D900-F219-D922A1864DD0}.Debug|Any CPU.ActiveCfg = Debug|Any CPU
		{CC31E07F-9458-D900-F219-D922A1864DD0}.Debug|Any CPU.Build.0 = Debug|Any CPU
		{CC31E07F-9458-D900-F219-D922A1864DD0}.Release|Any CPU.ActiveCfg = Release|Any CPU
		{CC31E07F-9458-D900-F219-D922A1864DD0}.Release|Any CPU.Build.0 = Release|Any CPU
	EndGlobalSection
	GlobalSection(SolutionProperties) = preSolution
		HideSolutionNode = FALSE
	EndGlobalSection
	GlobalSection(ExtensibilityGlobals) = postSolution
		SolutionGuid = {82ED8DD9-F6FD-4A12-BE53-E318588037F5}
	EndGlobalSection
EndGlobal
